
Microsoft Visual Studio Solution File, Format Version 12.00
# Visual Studio 14
VisualStudioVersion = 14.0.25420.1
MinimumVisualStudioVersion = 10.0.40219.1
Project("{FAE04EC0-301F-11D3-BF4B-00C04F79EFBC}") = "OktaDemoAPIServer", "OktaDemoAPIServer\OktaDemoAPIServer.csproj", "{AB72C3C1-DCB0-4B72-987B-85E3B95DFE0E}"
EndProject
Project("{FAE04EC0-301F-11D3-BF4B-00C04F79EFBC}") = "OktaDemoAPIServer.Tests", "OktaDemoAPIServer.Tests\OktaDemoAPIServer.Tests.csproj", "{012FCAED-DB3F-472E-81BF-C73DA68F8E43}"
EndProject
Global
	GlobalSection(SolutionConfigurationPlatforms) = preSolution
		Debug|Any CPU = Debug|Any CPU
		Release|Any CPU = Release|Any CPU
	EndGlobalSection
	GlobalSection(ProjectConfigurationPlatforms) = postSolution
		{AB72C3C1-DCB0-4B72-987B-85E3B95DFE0E}.Debug|Any CPU.ActiveCfg = Debug|Any CPU
		{AB72C3C1-DCB0-4B72-987B-85E3B95DFE0E}.Debug|Any CPU.Build.0 = Debug|Any CPU
		{AB72C3C1-DCB0-4B72-987B-85E3B95DFE0E}.Release|Any CPU.ActiveCfg = Release|Any CPU
		{AB72C3C1-DCB0-4B72-987B-85E3B95DFE0E}.Release|Any CPU.Build.0 = Release|Any CPU
		{012FCAED-DB3F-472E-81BF-C73DA68F8E43}.Debug|Any CPU.ActiveCfg = Debug|Any CPU
		{012FCAED-DB3F-472E-81BF-C73DA68F8E43}.Debug|Any CPU.Build.0 = Debug|Any CPU
		{012FCAED-DB3F-472E-81BF-C73DA68F8E43}.Release|Any CPU.ActiveCfg = Release|Any CPU
		{012FCAED-DB3F-472E-81BF-C73DA68F8E43}.Release|Any CPU.Build.0 = Release|Any CPU
	EndGlobalSection
	GlobalSection(SolutionProperties) = preSolution
		HideSolutionNode = FALSE
	EndGlobalSection
EndGlobal
